
Microsoft Visual Studio Solution File, Format Version 12.00
# Visual Studio Version 16
VisualStudioVersion = 16.0.30503.244
MinimumVisualStudioVersion = 10.0.40219.1
Project("{FAE04EC0-301F-11D3-BF4B-00C04F79EFBC}") = "PictureAdjustment", "PictureAdjustment\PictureAdjustment.csproj", "{690F17FB-E346-403D-B3F7-0CA98E2325AD}"
EndProject
Global
	GlobalSection(SolutionConfigurationPlatforms) = preSolution
		Debug|Any CPU = Debug|Any CPU
		Release|Any CPU = Release|Any CPU
	EndGlobalSection
	GlobalSection(ProjectConfigurationPlatforms) = postSolution
		{690F17FB-E346-403D-B3F7-0CA98E2325AD}.Debug|Any CPU.ActiveCfg = Debug|Any CPU
		{690F17FB-E346-403D-B3F7-0CA98E2325AD}.Debug|Any CPU.Build.0 = Debug|Any CPU
		{690F17FB-E346-403D-B3F7-0CA98E2325AD}.Release|Any CPU.ActiveCfg = Release|Any CPU
		{690F17FB-E346-403D-B3F7-0CA98E2325AD}.Release|Any CPU.Build.0 = Release|Any CPU
	EndGlobalSection
	GlobalSection(SolutionProperties) = preSolution
		HideSolutionNode = FALSE
	EndGlobalSection
	GlobalSection(ExtensibilityGlobals) = postSolution
		SolutionGuid = {91F01D4B-9657-4517-9912-456FF6789C86}
	EndGlobalSection
EndGlobal
